
Microsoft Visual Studio Solution File, Format Version 12.00
# Visual Studio Version 16
VisualStudioVersion = 16.0.28917.181
MinimumVisualStudioVersion = 10.0.40219.1
Project("{9092AA53-FB77-4645-B42D-1CCCA6BD08BD}") = "AnonymousFunctions", "AnonymousFunctions\AnonymousFunctions.njsproj", "{B9BDE501-6B26-4EFD-A65C-F7C22D3CAEB4}"
EndProject
Global
	GlobalSection(SolutionConfigurationPlatforms) = preSolution
		Debug|Any CPU = Debug|Any CPU
		Release|Any CPU = Release|Any CPU
	EndGlobalSection
	GlobalSection(ProjectConfigurationPlatforms) = postSolution
		{B9BDE501-6B26-4EFD-A65C-F7C22D3CAEB4}.Debug|Any CPU.ActiveCfg = Debug|Any CPU
		{B9BDE501-6B26-4EFD-A65C-F7C22D3CAEB4}.Debug|Any CPU.Build.0 = Debug|Any CPU
		{B9BDE501-6B26-4EFD-A65C-F7C22D3CAEB4}.Release|Any CPU.ActiveCfg = Release|Any CPU
		{B9BDE501-6B26-4EFD-A65C-F7C22D3CAEB4}.Release|Any CPU.Build.0 = Release|Any CPU
	EndGlobalSection
	GlobalSection(SolutionProperties) = preSolution
		HideSolutionNode = FALSE
	EndGlobalSection
	GlobalSection(ExtensibilityGlobals) = postSolution
		SolutionGuid = {A43F2EB6-4446-4CD2-B484-89CE5C11F6C4}
	EndGlobalSection
EndGlobal
